
Microsoft Visual Studio Solution File, Format Version 12.00
# Visual Studio Version 16
VisualStudioVersion = 16.0.29728.190
MinimumVisualStudioVersion = 10.0.40219.1
Project("{00D1A9C2-B5F0-4AF3-8072-F6C62B433612}") = "Dirb", "Dirb\Dirb.sqlproj", "{2AFC967B-5895-4766-834F-2EAA18AC0EEC}"
EndProject
Global
	GlobalSection(SolutionConfigurationPlatforms) = preSolution
		Debug|Any CPU = Debug|Any CPU
		Release|Any CPU = Release|Any CPU
	EndGlobalSection
	GlobalSection(ProjectConfigurationPlatforms) = postSolution
		{2AFC967B-5895-4766-834F-2EAA18AC0EEC}.Debug|Any CPU.ActiveCfg = Debug|Any CPU
		{2AFC967B-5895-4766-834F-2EAA18AC0EEC}.Debug|Any CPU.Build.0 = Debug|Any CPU
		{2AFC967B-5895-4766-834F-2EAA18AC0EEC}.Debug|Any CPU.Deploy.0 = Debug|Any CPU
		{2AFC967B-5895-4766-834F-2EAA18AC0EEC}.Release|Any CPU.ActiveCfg = Release|Any CPU
		{2AFC967B-5895-4766-834F-2EAA18AC0EEC}.Release|Any CPU.Build.0 = Release|Any CPU
		{2AFC967B-5895-4766-834F-2EAA18AC0EEC}.Release|Any CPU.Deploy.0 = Release|Any CPU
	EndGlobalSection
	GlobalSection(SolutionProperties) = preSolution
		HideSolutionNode = FALSE
	EndGlobalSection
	GlobalSection(ExtensibilityGlobals) = postSolution
		SolutionGuid = {B5F4331F-792C-46E2-91DE-E6C85F60A38B}
	EndGlobalSection
EndGlobal
